{
  "requires": true,
  "lockfileVersion": 1,
  "dependencies": {
    "lightgallery.js": {
      "version": "1.4.0",
      "resolved": "https://registry.npmjs.org/lightgallery.js/-/lightgallery.js-1.4.0.tgz",
      "integrity": "sha512-TK7auNMSz0sPjotq/VtKH/fe8GPkVRlmFf8F3zVsbFccLJL4r3U1VON+IggyE8Wy04QwbFQxTIIMqL7blibGSA=="
    }
  }
}
