
Microsoft Visual Studio Solution File, Format Version 12.00
# Visual Studio Version 16
VisualStudioVersion = 16.0.31019.35
MinimumVisualStudioVersion = 10.0.40219.1
Project("{9A19103F-16F7-4668-BE54-9A1E7A4F7556}") = "RezerwacjaPOL", "RezerwacjaPOL\RezerwacjaPOL.csproj", "{AB721523-8A9A-411A-97CC-1B860FD23F90}"
EndProject
Project("{9A19103F-16F7-4668-BE54-9A1E7A4F7556}") = "RezerwacjaPOLLibrary", "RezerwacjaPOLLibrary\RezerwacjaPOLLibrary.csproj", "{987880A4-15D5-4BC4-BDAB-344FB6CF59B9}"
EndProject
Global
	GlobalSection(SolutionConfigurationPlatforms) = preSolution
		Debug|Any CPU = Debug|Any CPU
		Release|Any CPU = Release|Any CPU
	EndGlobalSection
	GlobalSection(ProjectConfigurationPlatforms) = postSolution
		{AB721523-8A9A-411A-97CC-1B860FD23F90}.Debug|Any CPU.ActiveCfg = Debug|Any CPU
		{AB721523-8A9A-411A-97CC-1B860FD23F90}.Debug|Any CPU.Build.0 = Debug|Any CPU
		{AB721523-8A9A-411A-97CC-1B860FD23F90}.Release|Any CPU.ActiveCfg = Release|Any CPU
		{AB721523-8A9A-411A-97CC-1B860FD23F90}.Release|Any CPU.Build.0 = Release|Any CPU
		{987880A4-15D5-4BC4-BDAB-344FB6CF59B9}.Debug|Any CPU.ActiveCfg = Debug|Any CPU
		{987880A4-15D5-4BC4-BDAB-344FB6CF59B9}.Debug|Any CPU.Build.0 = Debug|Any CPU
		{987880A4-15D5-4BC4-BDAB-344FB6CF59B9}.Release|Any CPU.ActiveCfg = Release|Any CPU
		{987880A4-15D5-4BC4-BDAB-344FB6CF59B9}.Release|Any CPU.Build.0 = Release|Any CPU
	EndGlobalSection
	GlobalSection(SolutionProperties) = preSolution
		HideSolutionNode = FALSE
	EndGlobalSection
	GlobalSection(ExtensibilityGlobals) = postSolution
		SolutionGuid = {EC794784-52E0-4155-9B03-B4FCCD190939}
	EndGlobalSection
EndGlobal
